{
    "_meta": {
        "hash": {
            "sha256": "1ffd31cdd0d9e510e4e4a2c93c6540fd357a3a86398540ba5fd9f3612c99831a"
        },
        "pipfile-spec": 6,
        "requires": {
            "python_version": "3.7"
        },
        "sources": [
            {
                "name": "pypi",
                "url": "https://pypi.org/simple",
                "verify_ssl": true
            }
        ]
    },
    "default": {
        "beautifulsoup4": {
            "hashes": [
                "sha256:05668158c7b85b791c5abde53e50265e16f98ad601c402ba44d70f96c4159612",
                "sha256:25288c9e176f354bf277c0a10aa96c782a6a18a17122dba2e8cec4a97e03343b",
                "sha256:f040590be10520f2ea4c2ae8c3dae441c7cfff5308ec9d58a0ec0c1b8f81d469"
            ],
            "index": "pypi",
            "version": "==4.8.0"
        },
        "certifi": {
            "hashes": [
                "sha256:046832c04d4e752f37383b628bc601a7ea7211496b4638f6514d0e5b9acc4939",
                "sha256:945e3ba63a0b9f577b1395204e13c3a231f9bc0223888be653286534e5873695"
            ],
            "version": "==2019.6.16"
        },
        "chardet": {
            "hashes": [
                "sha256:84ab92ed1c4d4f16916e05906b6b75a6c0fb5db821cc65e70cbd64a3e2a5eaae",
                "sha256:fc323ffcaeaed0e0a02bf4d117757b98aed530d9ed4531e3e15460124c106691"
            ],
            "version": "==3.0.4"
        },
        "colorama": {
            "hashes": [
                "sha256:05eed71e2e327246ad6b38c540c4a3117230b19679b875190486ddd2d721422d",
                "sha256:f8ac84de7840f5b9c4e3347b3c1eaa50f7e49c2b07596221daec5edaabbd7c48"
            ],
            "index": "pypi",
            "version": "==0.4.1"
        },
        "decorator": {
            "hashes": [
                "sha256:86156361c50488b84a3f148056ea716ca587df2f0de1d34750d35c21312725de",
                "sha256:f069f3a01830ca754ba5258fde2278454a0b5b79e0d7f5c13b3b97e57d4acff6"
            ],
            "version": "==4.4.0"
        },
        "ebooklib": {
            "hashes": [
                "sha256:fe23e22c28050196c68db3e7b13b257bf39426d927cb395c6f2cc13ac11327f1"
            ],
            "index": "pypi",
            "version": "==0.17.1"
        },
        "idna": {
            "hashes": [
                "sha256:c357b3f628cf53ae2c4c05627ecc484553142ca23264e593d327bcde5e9c3407",
                "sha256:ea8b7f6188e6fa117537c3df7da9fc686d485087abf6ac197f9c46432f7e4a3c"
            ],
            "version": "==2.8"
        },
        "lxml": {
            "hashes": [
                "sha256:06e5599b9c54f797a3c0f384c67705a0d621031007aa2400a6c7d17300fdb995",
                "sha256:092237cfe4ece074401b75001a2e525fa6e1fb9d40fee8b7b132b1947d3bd2f8",
                "sha256:0b6d49d0a26fe8207df8dd27c40b75be4deb2277173903aa76ec3e82df77cbe7",
                "sha256:0f77061c20b4f32b1cf39e8f661c74e966344084c996e7b23c3a94e472461df0",
                "sha256:0fef86edfa2f146b4b0ae2c6c05c3e4a8f3388b3655eafbc4aab3247f4dabb24",
                "sha256:2f163c8844db4ed06a230ef092e2461ad01830972a896b8f3cf8b5bac70ae85d",
                "sha256:350333190052bbfbc3222b1805b59b7979d7276e57af2257367e15a2db27082d",
                "sha256:3b57dc5ed7b6a7d852c961f2389ca99404c2b59fd2088baec6fbaca02f688be4",
                "sha256:3e86e5df4a8edd6f725f3c76f1d45e046d4f3aa40478092e4f5f373ad1f526e2",
                "sha256:43dac60d10341d3e56be089cd0798b70e70d45ce32279f4c3190d8cbd71350e4",
                "sha256:4665ee84ac8ba11d58f1ed517e29ea8536b4ae4e0c6fb6c7d3dce70abcd279f0",
                "sha256:5033cf606a7cb559db967689b1b2e743994000f783607ba4c484e90917395ad7",
                "sha256:75d731af05bf40f808d7716e0d26b4b02913402f861c032ce8c36efca350ae72",
                "sha256:7720174604c7647e357566ac9e4d135c137caed5e7b01223551a4c81c8dc8b9a",
                "sha256:b33ec641309bcea40c76c1b105f988e4e8f9a2f1ee1486aa5c0eeef33956c9bb",
                "sha256:d1135dc0ac197242028ede085b693ba1f2bff7f0f9b91080e2540348312bfa53",
                "sha256:d5a61e9c2322b45f259909a02b76bc98c4641214e22a37191d00c151aa9cdb9a",
                "sha256:da22c4b17bc17dad9c8faf6d94c8fe568ac71c867a56631ab874da418fc7f8f7",
                "sha256:da5c48ec9f8d8b5df42d328b6d1fb8d9413cd664a2367ef4f6f7cc48ee5b82c0",
                "sha256:db2794bad21b7b30b6849b4e1537171cae8a7087711d958d69c233470dc612e7",
                "sha256:f1c2f67df727034f94ccb590142d1d110f3dd38f638a4f1567fdd9f39892ba05",
                "sha256:f840dddded8b046edc774c88ed8d2442cdb231a68894c42c74e3a809450fae76"
            ],
            "version": "==4.4.0"
        },
        "mwparserfromhell": {
            "hashes": [
                "sha256:049b4de541f0e03c0d9b745e9482fcd72637661ac8af7f924a7005bd46a4e551",
                "sha256:2df9222bc5fc8f82ad68a3dd06ee38bde47eff521c4315b32523938ed834c3a4",
                "sha256:301e7742c769be6a2dedc287be2ca6724b5e85ed6aadc788fc2ba0a17d11f509",
                "sha256:6377696e0fe0e12bdf9b94eeb2625edd3f30e373c72c593986c85eba60184575",
                "sha256:696381fb96682a37655a8dfc35393d60433622e65618fd9e003cc81cb6e10554",
                "sha256:78cf0686ea762ff06ede4d52af05abc9981fba881d8d6f1325d6b34fe3e5d295",
                "sha256:aaf5416ab9b75e99e286f8a4216f77a2f7d834afd4c8f81731e701e59bf99305",
                "sha256:b101d457343c948588de5c292267b273de7632227a47e564e5ab80a3b10c4df3",
                "sha256:dda8bc7807b5b77acebc5ea0699f0c95ca9a8d8151a36a2121d6affcfcdfcf87",
                "sha256:e1419c058cd4f644cc58af9ea13304d415d6d282a7b64beb5226ee3c25eb2cbf",
                "sha256:fb7000b444d11f850992dc7cb31c1d89fa544a28ab7f983a8aca3af29af5ea00"
            ],
            "index": "pypi",
            "version": "==0.5.4"
        },
        "networkx": {
            "hashes": [
                "sha256:45e56f7ab6fe81652fb4bc9f44faddb0e9025f469f602df14e3b2551c2ea5c8b"
            ],
            "index": "pypi",
            "version": "==2.2"
        },
        "pyyaml": {
            "hashes": [
                "sha256:0113bc0ec2ad727182326b61326afa3d1d8280ae1122493553fd6f4397f33df9",
                "sha256:01adf0b6c6f61bd11af6e10ca52b7d4057dd0be0343eb9283c878cf3af56aee4",
                "sha256:5124373960b0b3f4aa7df1707e63e9f109b5263eca5976c66e08b1c552d4eaf8",
                "sha256:5ca4f10adbddae56d824b2c09668e91219bb178a1eee1faa56af6f99f11bf696",
                "sha256:7907be34ffa3c5a32b60b95f4d95ea25361c951383a894fec31be7252b2b6f34",
                "sha256:7ec9b2a4ed5cad025c2278a1e6a19c011c80a3caaac804fd2d329e9cc2c287c9",
                "sha256:87ae4c829bb25b9fe99cf71fbb2140c448f534e24c998cc60f39ae4f94396a73",
                "sha256:9de9919becc9cc2ff03637872a440195ac4241c80536632fffeb6a1e25a74299",
                "sha256:a5a85b10e450c66b49f98846937e8cfca1db3127a9d5d1e31ca45c3d0bef4c5b",
                "sha256:b0997827b4f6a7c286c01c5f60384d218dca4ed7d9efa945c3e1aa623d5709ae",
                "sha256:b631ef96d3222e62861443cc89d6563ba3eeb816eeb96b2629345ab795e53681",
                "sha256:bf47c0607522fdbca6c9e817a6e81b08491de50f3766a7a0e6a5be7905961b41",
                "sha256:f81025eddd0327c7d4cfe9b62cf33190e1e736cc6e97502b3ec425f574b3e7a8"
            ],
            "index": "pypi",
            "version": "==5.1.2"
        },
        "requests": {
            "hashes": [
                "sha256:11e007a8a2aa0323f5a921e9e6a2d7e4e67d9877e85773fba9ba6419025cbeb4",
                "sha256:9cf5292fcd0f598c671cfc1e0d7d1a7f13bb8085e9a590f48c010551dc6c4b31"
            ],
            "index": "pypi",
            "version": "==2.22.0"
        },
        "six": {
            "hashes": [
                "sha256:3350809f0555b11f552448330d0b52d5f24c91a322ea4a15ef22629740f3761c",
                "sha256:d16a0141ec1a18405cd4ce8b4613101da75da0e9a7aec5bdd4fa804d0e0eba73"
            ],
            "version": "==1.12.0"
        },
        "soupsieve": {
            "hashes": [
                "sha256:72b5f1aea9101cf720a36bb2327ede866fd6f1a07b1e87c92a1cc18113cbc946",
                "sha256:e4e9c053d59795e440163733a7fec6c5972210e1790c507e4c7b051d6c5259de"
            ],
            "version": "==1.9.2"
        },
        "tqdm": {
            "hashes": [
                "sha256:14a285392c32b6f8222ecfbcd217838f88e11630affe9006cd0e94c7eff3cb61",
                "sha256:25d4c0ea02a305a688e7e9c2cdc8f862f989ef2a4701ab28ee963295f5b109ab"
            ],
            "index": "pypi",
            "version": "==4.32.2"
        },
        "urllib3": {
            "hashes": [
                "sha256:b246607a25ac80bedac05c6f282e3cdaf3afb65420fd024ac94435cabe6e18d1",
                "sha256:dbe59173209418ae49d485b87d1681aefa36252ee85884c31346debd19463232"
            ],
            "version": "==1.25.3"
        }
    },
    "develop": {}
}
